
Microsoft Visual Studio Solution File, Format Version 12.00
# Visual Studio 14
VisualStudioVersion = 14.0.24720.0
MinimumVisualStudioVersion = 10.0.40219.1
Project("{FAE04EC0-301F-11D3-BF4B-00C04F79EFBC}") = "Curriculum.Models", "Curriculum.Models\Curriculum.Models.csproj", "{C35A77B9-A107-455D-AA8D-D43DBB2B9854}"
EndProject
Project("{FAE04EC0-301F-11D3-BF4B-00C04F79EFBC}") = "Curriculum.Service", "Curriculum.Service\Curriculum.Service.csproj", "{538AA0BE-912C-4D23-8109-B337994272B6}"
EndProject
Project("{FAE04EC0-301F-11D3-BF4B-00C04F79EFBC}") = "Curriculum.Repository", "Curriculum.Repository\Curriculum.Repository.csproj", "{DBCD176C-844E-465A-9E0C-34C2C08BA8AA}"
EndProject
Project("{FAE04EC0-301F-11D3-BF4B-00C04F79EFBC}") = "Curriculum.CoreUtils", "Curriculum.CoreUtils\Curriculum.CoreUtils.csproj", "{E778DFD2-86CE-460E-BFEC-3F4CE65F0440}"
EndProject
Project("{FAE04EC0-301F-11D3-BF4B-00C04F79EFBC}") = "Curriculum.Backend", "Curriculum.Backend\Curriculum.Backend.csproj", "{2084BFBE-DEAE-4DF1-AEB9-1560DD137D5F}"
EndProject
Project("{FAE04EC0-301F-11D3-BF4B-00C04F79EFBC}") = "Curriculum.Frontend", "Curriculum.Frontend\Curriculum.Frontend.csproj", "{A1693EFE-4EEF-499F-B1C2-7968992D3C59}"
EndProject
Project("{2150E333-8FDC-42A3-9474-1A3956D46DE8}") = "1.- Backend", "1.- Backend", "{1E84105F-C741-4943-A370-A501ADD25CD9}"
EndProject
Project("{2150E333-8FDC-42A3-9474-1A3956D46DE8}") = "2.- Frontend", "2.- Frontend", "{D28A0761-0E3A-4C06-A6C0-E53DC7ABDF84}"
EndProject
Project("{2150E333-8FDC-42A3-9474-1A3956D46DE8}") = "4.- Service", "4.- Service", "{9039BAD7-E9DC-4F1F-9DFD-3C3FCE6A226B}"
EndProject
Project("{2150E333-8FDC-42A3-9474-1A3956D46DE8}") = "5.- Repository", "5.- Repository", "{D87ABF96-8624-48B2-9DB6-86E4A34371AF}"
EndProject
Project("{2150E333-8FDC-42A3-9474-1A3956D46DE8}") = "3.- Models", "3.- Models", "{6D7C8639-1C4C-4ED6-8FBB-4D22BE5A6E96}"
EndProject
Project("{2150E333-8FDC-42A3-9474-1A3956D46DE8}") = "6.- Core", "6.- Core", "{67FAC59C-83A1-4214-8006-6431ECDCE413}"
EndProject
Global
	GlobalSection(SolutionConfigurationPlatforms) = preSolution
		Debug|Any CPU = Debug|Any CPU
		Release|Any CPU = Release|Any CPU
	EndGlobalSection
	GlobalSection(ProjectConfigurationPlatforms) = postSolution
		{C35A77B9-A107-455D-AA8D-D43DBB2B9854}.Debug|Any CPU.ActiveCfg = Debug|Any CPU
		{C35A77B9-A107-455D-AA8D-D43DBB2B9854}.Debug|Any CPU.Build.0 = Debug|Any CPU
		{C35A77B9-A107-455D-AA8D-D43DBB2B9854}.Release|Any CPU.ActiveCfg = Release|Any CPU
		{C35A77B9-A107-455D-AA8D-D43DBB2B9854}.Release|Any CPU.Build.0 = Release|Any CPU
		{538AA0BE-912C-4D23-8109-B337994272B6}.Debug|Any CPU.ActiveCfg = Debug|Any CPU
		{538AA0BE-912C-4D23-8109-B337994272B6}.Debug|Any CPU.Build.0 = Debug|Any CPU
		{538AA0BE-912C-4D23-8109-B337994272B6}.Release|Any CPU.ActiveCfg = Release|Any CPU
		{538AA0BE-912C-4D23-8109-B337994272B6}.Release|Any CPU.Build.0 = Release|Any CPU
		{DBCD176C-844E-465A-9E0C-34C2C08BA8AA}.Debug|Any CPU.ActiveCfg = Debug|Any CPU
		{DBCD176C-844E-465A-9E0C-34C2C08BA8AA}.Debug|Any CPU.Build.0 = Debug|Any CPU
		{DBCD176C-844E-465A-9E0C-34C2C08BA8AA}.Release|Any CPU.ActiveCfg = Release|Any CPU
		{DBCD176C-844E-465A-9E0C-34C2C08BA8AA}.Release|Any CPU.Build.0 = Release|Any CPU
		{E778DFD2-86CE-460E-BFEC-3F4CE65F0440}.Debug|Any CPU.ActiveCfg = Debug|Any CPU
		{E778DFD2-86CE-460E-BFEC-3F4CE65F0440}.Debug|Any CPU.Build.0 = Debug|Any CPU
		{E778DFD2-86CE-460E-BFEC-3F4CE65F0440}.Release|Any CPU.ActiveCfg = Release|Any CPU
		{E778DFD2-86CE-460E-BFEC-3F4CE65F0440}.Release|Any CPU.Build.0 = Release|Any CPU
		{2084BFBE-DEAE-4DF1-AEB9-1560DD137D5F}.Debug|Any CPU.ActiveCfg = Debug|Any CPU
		{2084BFBE-DEAE-4DF1-AEB9-1560DD137D5F}.Debug|Any CPU.Build.0 = Debug|Any CPU
		{2084BFBE-DEAE-4DF1-AEB9-1560DD137D5F}.Release|Any CPU.ActiveCfg = Release|Any CPU
		{2084BFBE-DEAE-4DF1-AEB9-1560DD137D5F}.Release|Any CPU.Build.0 = Release|Any CPU
		{A1693EFE-4EEF-499F-B1C2-7968992D3C59}.Debug|Any CPU.ActiveCfg = Debug|Any CPU
		{A1693EFE-4EEF-499F-B1C2-7968992D3C59}.Debug|Any CPU.Build.0 = Debug|Any CPU
		{A1693EFE-4EEF-499F-B1C2-7968992D3C59}.Release|Any CPU.ActiveCfg = Release|Any CPU
		{A1693EFE-4EEF-499F-B1C2-7968992D3C59}.Release|Any CPU.Build.0 = Release|Any CPU
	EndGlobalSection
	GlobalSection(SolutionProperties) = preSolution
		HideSolutionNode = FALSE
	EndGlobalSection
	GlobalSection(NestedProjects) = preSolution
		{C35A77B9-A107-455D-AA8D-D43DBB2B9854} = {6D7C8639-1C4C-4ED6-8FBB-4D22BE5A6E96}
		{538AA0BE-912C-4D23-8109-B337994272B6} = {9039BAD7-E9DC-4F1F-9DFD-3C3FCE6A226B}
		{DBCD176C-844E-465A-9E0C-34C2C08BA8AA} = {D87ABF96-8624-48B2-9DB6-86E4A34371AF}
		{E778DFD2-86CE-460E-BFEC-3F4CE65F0440} = {67FAC59C-83A1-4214-8006-6431ECDCE413}
		{2084BFBE-DEAE-4DF1-AEB9-1560DD137D5F} = {1E84105F-C741-4943-A370-A501ADD25CD9}
		{A1693EFE-4EEF-499F-B1C2-7968992D3C59} = {D28A0761-0E3A-4C06-A6C0-E53DC7ABDF84}
	EndGlobalSection
EndGlobal
